{
  "nodes": {
    "kanso-nvim": {
      "flake": false,
      "locked": {
        "lastModified": 1749457963,
        "narHash": "sha256-ehtBAOdUBGVeS2z8u0ZV2fUTcabQa2UJB3BCNgs4MHE=",
        "owner": "webhooked",
        "repo": "kanso.nvim",
        "rev": "eb7ff15d2836fc1c4e8393a7d8ce87e6e62736e2",
        "type": "github"
      },
      "original": {
        "owner": "webhooked",
        "repo": "kanso.nvim",
        "type": "github"
      }
    },
    "nixpkgs": {
      "locked": {
        "lastModified": 1749285348,
        "narHash": "sha256-frdhQvPbmDYaScPFiCnfdh3B/Vh81Uuoo0w5TkWmmjU=",
        "owner": "NixOS",
        "repo": "nixpkgs",
        "rev": "3e3afe5174c561dee0df6f2c2b2236990146329f",
        "type": "github"
      },
      "original": {
        "owner": "NixOS",
        "ref": "nixos-unstable",
        "repo": "nixpkgs",
        "type": "github"
      }
    },
    "root": {
      "inputs": {
        "kanso-nvim": "kanso-nvim",
        "nixpkgs": "nixpkgs"
      }
    }
  },
  "root": "root",
  "version": 7
}
